// !$*UTF8*$!
{
	archiveVersion = 1;
	classes = {
	};
	objectVersion = 55;
	objects = {

/* Begin PBXBuildFile section */
		A082ABFA2B4B695100565F1E /* AppDelegate.swift in Sources */ = {isa = PBXBuildFile; fileRef = A082ABF92B4B695100565F1E /* AppDelegate.swift */; };
		A082ABFC2B4B695100565F1E /* SceneDelegate.swift in Sources */ = {isa = PBXBuildFile; fileRef = A082ABFB2B4B695100565F1E /* SceneDelegate.swift */; };
		A082AC032B4B695600565F1E /* Assets.xcassets in Resources */ = {isa = PBXBuildFile; fileRef = A082AC022B4B695600565F1E /* Assets.xcassets */; };
		A082AC062B4B695600565F1E /* LaunchScreen.storyboard in Resources */ = {isa = PBXBuildFile; fileRef = A082AC042B4B695600565F1E /* LaunchScreen.storyboard */; };
		A082AC102B4B6A2000565F1E /* Colors.swift in Sources */ = {isa = PBXBuildFile; fileRef = A082AC0F2B4B6A2000565F1E /* Colors.swift */; };
		A082AC152B4B6AFA00565F1E /* UIColor+Extensions.swift in Sources */ = {isa = PBXBuildFile; fileRef = A082AC142B4B6AFA00565F1E /* UIColor+Extensions.swift */; };
		A082AC172B4B6B2C00565F1E /* StatsViewController.swift in Sources */ = {isa = PBXBuildFile; fileRef = A082AC162B4B6B2C00565F1E /* StatsViewController.swift */; };
		A082AC1A2B4B6B7E00565F1E /* TabBarController.swift in Sources */ = {isa = PBXBuildFile; fileRef = A082AC192B4B6B7E00565F1E /* TabBarController.swift */; };
		A082AC1D2B4B6BB800565F1E /* TrackersViewController.swift in Sources */ = {isa = PBXBuildFile; fileRef = A082AC1C2B4B6BB800565F1E /* TrackersViewController.swift */; };
		A082AC1F2B4B6BE200565F1E /* CategoriesCell.swift in Sources */ = {isa = PBXBuildFile; fileRef = A082AC1E2B4B6BE200565F1E /* CategoriesCell.swift */; };
		A082AC212B4B6BFF00565F1E /* TrackersCell.swift in Sources */ = {isa = PBXBuildFile; fileRef = A082AC202B4B6BFF00565F1E /* TrackersCell.swift */; };
		A082AC242B4B6C4200565F1E /* CreateNewTrackerViewController.swift in Sources */ = {isa = PBXBuildFile; fileRef = A082AC232B4B6C4200565F1E /* CreateNewTrackerViewController.swift */; };
		A082AC272B4B6C7D00565F1E /* CreateHabitOrIrregularEventDelegate.swift in Sources */ = {isa = PBXBuildFile; fileRef = A082AC262B4B6C7D00565F1E /* CreateHabitOrIrregularEventDelegate.swift */; };
		A082AC292B4B6C9700565F1E /* CreateHabitViewController.swift in Sources */ = {isa = PBXBuildFile; fileRef = A082AC282B4B6C9700565F1E /* CreateHabitViewController.swift */; };
		A082AC2B2B4B6CB700565F1E /* CreateIrregularEventViewController.swift in Sources */ = {isa = PBXBuildFile; fileRef = A082AC2A2B4B6CB700565F1E /* CreateIrregularEventViewController.swift */; };
		A082AC2E2B4B6CF100565F1E /* SheduleViewController.swift in Sources */ = {isa = PBXBuildFile; fileRef = A082AC2D2B4B6CF100565F1E /* SheduleViewController.swift */; };
		A082AC302B4B6D1600565F1E /* SheduleCell.swift in Sources */ = {isa = PBXBuildFile; fileRef = A082AC2F2B4B6D1600565F1E /* SheduleCell.swift */; };
		A082AC332B4B6D3F00565F1E /* Tracker.swift in Sources */ = {isa = PBXBuildFile; fileRef = A082AC322B4B6D3F00565F1E /* Tracker.swift */; };
		A082AC352B4B6D5F00565F1E /* TrackerCategory.swift in Sources */ = {isa = PBXBuildFile; fileRef = A082AC342B4B6D5F00565F1E /* TrackerCategory.swift */; };
		A082AC372B4B6D7500565F1E /* TrackerRecord.swift in Sources */ = {isa = PBXBuildFile; fileRef = A082AC362B4B6D7500565F1E /* TrackerRecord.swift */; };
		A082AC392B4B6D9400565F1E /* WeekDay.swift in Sources */ = {isa = PBXBuildFile; fileRef = A082AC382B4B6D9400565F1E /* WeekDay.swift */; };
/* End PBXBuildFile section */

/* Begin PBXFileReference section */
		A082ABF62B4B695100565F1E /* TrackerApp.app */ = {isa = PBXFileReference; explicitFileType = wrapper.application; includeInIndex = 0; path = TrackerApp.app; sourceTree = BUILT_PRODUCTS_DIR; };
		A082ABF92B4B695100565F1E /* AppDelegate.swift */ = {isa = PBXFileReference; lastKnownFileType = sourcecode.swift; path = AppDelegate.swift; sourceTree = "<group>"; };
		A082ABFB2B4B695100565F1E /* SceneDelegate.swift */ = {isa = PBXFileReference; lastKnownFileType = sourcecode.swift; path = SceneDelegate.swift; sourceTree = "<group>"; };
		A082AC022B4B695600565F1E /* Assets.xcassets */ = {isa = PBXFileReference; lastKnownFileType = folder.assetcatalog; path = Assets.xcassets; sourceTree = "<group>"; };
		A082AC052B4B695600565F1E /* Base */ = {isa = PBXFileReference; lastKnownFileType = file.storyboard; name = Base; path = Base.lproj/LaunchScreen.storyboard; sourceTree = "<group>"; };
		A082AC072B4B695600565F1E /* Info.plist */ = {isa = PBXFileReference; lastKnownFileType = text.plist.xml; path = Info.plist; sourceTree = "<group>"; };
		A082AC0F2B4B6A2000565F1E /* Colors.swift */ = {isa = PBXFileReference; lastKnownFileType = sourcecode.swift; path = Colors.swift; sourceTree = "<group>"; };
		A082AC142B4B6AFA00565F1E /* UIColor+Extensions.swift */ = {isa = PBXFileReference; lastKnownFileType = sourcecode.swift; path = "UIColor+Extensions.swift"; sourceTree = "<group>"; };
		A082AC162B4B6B2C00565F1E /* StatsViewController.swift */ = {isa = PBXFileReference; lastKnownFileType = sourcecode.swift; path = StatsViewController.swift; sourceTree = "<group>"; };
		A082AC192B4B6B7E00565F1E /* TabBarController.swift */ = {isa = PBXFileReference; lastKnownFileType = sourcecode.swift; path = TabBarController.swift; sourceTree = "<group>"; };
		A082AC1C2B4B6BB800565F1E /* TrackersViewController.swift */ = {isa = PBXFileReference; lastKnownFileType = sourcecode.swift; path = TrackersViewController.swift; sourceTree = "<group>"; };
		A082AC1E2B4B6BE200565F1E /* CategoriesCell.swift */ = {isa = PBXFileReference; lastKnownFileType = sourcecode.swift; path = CategoriesCell.swift; sourceTree = "<group>"; };
		A082AC202B4B6BFF00565F1E /* TrackersCell.swift */ = {isa = PBXFileReference; lastKnownFileType = sourcecode.swift; path = TrackersCell.swift; sourceTree = "<group>"; };
		A082AC232B4B6C4200565F1E /* CreateNewTrackerViewController.swift */ = {isa = PBXFileReference; lastKnownFileType = sourcecode.swift; path = CreateNewTrackerViewController.swift; sourceTree = "<group>"; };
		A082AC262B4B6C7D00565F1E /* CreateHabitOrIrregularEventDelegate.swift */ = {isa = PBXFileReference; lastKnownFileType = sourcecode.swift; path = CreateHabitOrIrregularEventDelegate.swift; sourceTree = "<group>"; };
		A082AC282B4B6C9700565F1E /* CreateHabitViewController.swift */ = {isa = PBXFileReference; lastKnownFileType = sourcecode.swift; path = CreateHabitViewController.swift; sourceTree = "<group>"; };
		A082AC2A2B4B6CB700565F1E /* CreateIrregularEventViewController.swift */ = {isa = PBXFileReference; lastKnownFileType = sourcecode.swift; path = CreateIrregularEventViewController.swift; sourceTree = "<group>"; };
		A082AC2D2B4B6CF100565F1E /* SheduleViewController.swift */ = {isa = PBXFileReference; lastKnownFileType = sourcecode.swift; path = SheduleViewController.swift; sourceTree = "<group>"; };
		A082AC2F2B4B6D1600565F1E /* SheduleCell.swift */ = {isa = PBXFileReference; lastKnownFileType = sourcecode.swift; path = SheduleCell.swift; sourceTree = "<group>"; };
		A082AC322B4B6D3F00565F1E /* Tracker.swift */ = {isa = PBXFileReference; lastKnownFileType = sourcecode.swift; path = Tracker.swift; sourceTree = "<group>"; };
		A082AC342B4B6D5F00565F1E /* TrackerCategory.swift */ = {isa = PBXFileReference; lastKnownFileType = sourcecode.swift; path = TrackerCategory.swift; sourceTree = "<group>"; };
		A082AC362B4B6D7500565F1E /* TrackerRecord.swift */ = {isa = PBXFileReference; lastKnownFileType = sourcecode.swift; path = TrackerRecord.swift; sourceTree = "<group>"; };
		A082AC382B4B6D9400565F1E /* WeekDay.swift */ = {isa = PBXFileReference; lastKnownFileType = sourcecode.swift; path = WeekDay.swift; sourceTree = "<group>"; };
/* End PBXFileReference section */

/* Begin PBXFrameworksBuildPhase section */
		A082ABF32B4B695100565F1E /* Frameworks */ = {
			isa = PBXFrameworksBuildPhase;
			buildActionMask = 2147483647;
			files = (
			);
			runOnlyForDeploymentPostprocessing = 0;
		};
/* End PBXFrameworksBuildPhase section */

/* Begin PBXGroup section */
		A082ABED2B4B695100565F1E = {
			isa = PBXGroup;
			children = (
				A082ABF82B4B695100565F1E /* TrackerApp */,
				A082ABF72B4B695100565F1E /* Products */,
			);
			sourceTree = "<group>";
		};
		A082ABF72B4B695100565F1E /* Products */ = {
			isa = PBXGroup;
			children = (
				A082ABF62B4B695100565F1E /* TrackerApp.app */,
			);
			name = Products;
			sourceTree = "<group>";
		};
		A082ABF82B4B695100565F1E /* TrackerApp */ = {
			isa = PBXGroup;
			children = (
				A082AC0D2B4B69EE00565F1E /* Application */,
				A082AC132B4B6AD500565F1E /* Extensions */,
				A082AC0E2B4B6A0700565F1E /* Helpers */,
				A082AC112B4B6A7800565F1E /* StatsViewController */,
				A082AC182B4B6B7400565F1E /* TabBarController */,
				A082AC1B2B4B6BAA00565F1E /* TrackersViewController */,
				A082AC222B4B6C2400565F1E /* CreateNewTracker */,
				A082AC022B4B695600565F1E /* Assets.xcassets */,
				A082AC042B4B695600565F1E /* LaunchScreen.storyboard */,
				A082AC072B4B695600565F1E /* Info.plist */,
			);
			path = TrackerApp;
			sourceTree = "<group>";
		};
		A082AC0D2B4B69EE00565F1E /* Application */ = {
			isa = PBXGroup;
			children = (
				A082ABF92B4B695100565F1E /* AppDelegate.swift */,
				A082ABFB2B4B695100565F1E /* SceneDelegate.swift */,
			);
			path = Application;
			sourceTree = "<group>";
		};
		A082AC0E2B4B6A0700565F1E /* Helpers */ = {
			isa = PBXGroup;
			children = (
				A082AC0F2B4B6A2000565F1E /* Colors.swift */,
			);
			path = Helpers;
			sourceTree = "<group>";
		};
		A082AC112B4B6A7800565F1E /* StatsViewController */ = {
			isa = PBXGroup;
			children = (
				A082AC162B4B6B2C00565F1E /* StatsViewController.swift */,
			);
			path = StatsViewController;
			sourceTree = "<group>";
		};
		A082AC132B4B6AD500565F1E /* Extensions */ = {
			isa = PBXGroup;
			children = (
				A082AC142B4B6AFA00565F1E /* UIColor+Extensions.swift */,
			);
			path = Extensions;
			sourceTree = "<group>";
		};
		A082AC182B4B6B7400565F1E /* TabBarController */ = {
			isa = PBXGroup;
			children = (
				A082AC192B4B6B7E00565F1E /* TabBarController.swift */,
			);
			path = TabBarController;
			sourceTree = "<group>";
		};
		A082AC1B2B4B6BAA00565F1E /* TrackersViewController */ = {
			isa = PBXGroup;
			children = (
				A082AC1C2B4B6BB800565F1E /* TrackersViewController.swift */,
				A082AC1E2B4B6BE200565F1E /* CategoriesCell.swift */,
				A082AC202B4B6BFF00565F1E /* TrackersCell.swift */,
			);
			path = TrackersViewController;
			sourceTree = "<group>";
		};
		A082AC222B4B6C2400565F1E /* CreateNewTracker */ = {
			isa = PBXGroup;
			children = (
				A082AC232B4B6C4200565F1E /* CreateNewTrackerViewController.swift */,
				A082AC252B4B6C5D00565F1E /* CreateHabitOrIrregularEvent */,
				A082AC312B4B6D3000565F1E /* Models */,
			);
			path = CreateNewTracker;
			sourceTree = "<group>";
		};
		A082AC252B4B6C5D00565F1E /* CreateHabitOrIrregularEvent */ = {
			isa = PBXGroup;
			children = (
				A082AC262B4B6C7D00565F1E /* CreateHabitOrIrregularEventDelegate.swift */,
				A082AC282B4B6C9700565F1E /* CreateHabitViewController.swift */,
				A082AC2A2B4B6CB700565F1E /* CreateIrregularEventViewController.swift */,
				A082AC2C2B4B6CD700565F1E /* SheduleViewController */,
			);
			path = CreateHabitOrIrregularEvent;
			sourceTree = "<group>";
		};
		A082AC2C2B4B6CD700565F1E /* SheduleViewController */ = {
			isa = PBXGroup;
			children = (
				A082AC2D2B4B6CF100565F1E /* SheduleViewController.swift */,
				A082AC2F2B4B6D1600565F1E /* SheduleCell.swift */,
			);
			path = SheduleViewController;
			sourceTree = "<group>";
		};
		A082AC312B4B6D3000565F1E /* Models */ = {
			isa = PBXGroup;
			children = (
				A082AC322B4B6D3F00565F1E /* Tracker.swift */,
				A082AC342B4B6D5F00565F1E /* TrackerCategory.swift */,
				A082AC362B4B6D7500565F1E /* TrackerRecord.swift */,
				A082AC382B4B6D9400565F1E /* WeekDay.swift */,
			);
			path = Models;
			sourceTree = "<group>";
		};
/* End PBXGroup section */

/* Begin PBXNativeTarget section */
		A082ABF52B4B695100565F1E /* TrackerApp */ = {
			isa = PBXNativeTarget;
			buildConfigurationList = A082AC0A2B4B695600565F1E /* Build configuration list for PBXNativeTarget "TrackerApp" */;
			buildPhases = (
				A082ABF22B4B695100565F1E /* Sources */,
				A082ABF32B4B695100565F1E /* Frameworks */,
				A082ABF42B4B695100565F1E /* Resources */,
			);
			buildRules = (
			);
			dependencies = (
			);
			name = TrackerApp;
			productName = TrackerApp;
			productReference = A082ABF62B4B695100565F1E /* TrackerApp.app */;
			productType = "com.apple.product-type.application";
		};
/* End PBXNativeTarget section */

/* Begin PBXProject section */
		A082ABEE2B4B695100565F1E /* Project object */ = {
			isa = PBXProject;
			attributes = {
				BuildIndependentTargetsInParallel = 1;
				LastSwiftUpdateCheck = 1340;
				LastUpgradeCheck = 1340;
				TargetAttributes = {
					A082ABF52B4B695100565F1E = {
						CreatedOnToolsVersion = 13.4.1;
					};
				};
			};
			buildConfigurationList = A082ABF12B4B695100565F1E /* Build configuration list for PBXProject "TrackerApp" */;
			compatibilityVersion = "Xcode 13.0";
			developmentRegion = en;
			hasScannedForEncodings = 0;
			knownRegions = (
				en,
				Base,
			);
			mainGroup = A082ABED2B4B695100565F1E;
			productRefGroup = A082ABF72B4B695100565F1E /* Products */;
			projectDirPath = "";
			projectRoot = "";
			targets = (
				A082ABF52B4B695100565F1E /* TrackerApp */,
			);
		};
/* End PBXProject section */

/* Begin PBXResourcesBuildPhase section */
		A082ABF42B4B695100565F1E /* Resources */ = {
			isa = PBXResourcesBuildPhase;
			buildActionMask = 2147483647;
			files = (
				A082AC062B4B695600565F1E /* LaunchScreen.storyboard in Resources */,
				A082AC032B4B695600565F1E /* Assets.xcassets in Resources */,
			);
			runOnlyForDeploymentPostprocessing = 0;
		};
/* End PBXResourcesBuildPhase section */

/* Begin PBXSourcesBuildPhase section */
		A082ABF22B4B695100565F1E /* Sources */ = {
			isa = PBXSourcesBuildPhase;
			buildActionMask = 2147483647;
			files = (
				A082AC212B4B6BFF00565F1E /* TrackersCell.swift in Sources */,
				A082AC2E2B4B6CF100565F1E /* SheduleViewController.swift in Sources */,
				A082ABFA2B4B695100565F1E /* AppDelegate.swift in Sources */,
				A082AC102B4B6A2000565F1E /* Colors.swift in Sources */,
				A082AC332B4B6D3F00565F1E /* Tracker.swift in Sources */,
				A082AC372B4B6D7500565F1E /* TrackerRecord.swift in Sources */,
				A082AC272B4B6C7D00565F1E /* CreateHabitOrIrregularEventDelegate.swift in Sources */,
				A082AC1D2B4B6BB800565F1E /* TrackersViewController.swift in Sources */,
				A082ABFC2B4B695100565F1E /* SceneDelegate.swift in Sources */,
				A082AC2B2B4B6CB700565F1E /* CreateIrregularEventViewController.swift in Sources */,
				A082AC1A2B4B6B7E00565F1E /* TabBarController.swift in Sources */,
				A082AC242B4B6C4200565F1E /* CreateNewTrackerViewController.swift in Sources */,
				A082AC1F2B4B6BE200565F1E /* CategoriesCell.swift in Sources */,
				A082AC392B4B6D9400565F1E /* WeekDay.swift in Sources */,
				A082AC302B4B6D1600565F1E /* SheduleCell.swift in Sources */,
				A082AC292B4B6C9700565F1E /* CreateHabitViewController.swift in Sources */,
				A082AC172B4B6B2C00565F1E /* StatsViewController.swift in Sources */,
				A082AC352B4B6D5F00565F1E /* TrackerCategory.swift in Sources */,
				A082AC152B4B6AFA00565F1E /* UIColor+Extensions.swift in Sources */,
			);
			runOnlyForDeploymentPostprocessing = 0;
		};
/* End PBXSourcesBuildPhase section */

/* Begin PBXVariantGroup section */
		A082AC042B4B695600565F1E /* LaunchScreen.storyboard */ = {
			isa = PBXVariantGroup;
			children = (
				A082AC052B4B695600565F1E /* Base */,
			);
			name = LaunchScreen.storyboard;
			sourceTree = "<group>";
		};
/* End PBXVariantGroup section */

/* Begin XCBuildConfiguration section */
		A082AC082B4B695600565F1E /* Debug */ = {
			isa = XCBuildConfiguration;
			buildSettings = {
				ALWAYS_SEARCH_USER_PATHS = NO;
				CLANG_ANALYZER_NONNULL = YES;
				CLANG_ANALYZER_NUMBER_OBJECT_CONVERSION = YES_AGGRESSIVE;
				CLANG_CXX_LANGUAGE_STANDARD = "gnu++17";
				CLANG_ENABLE_MODULES = YES;
				CLANG_ENABLE_OBJC_ARC = YES;
				CLANG_ENABLE_OBJC_WEAK = YES;
				CLANG_WARN_BLOCK_CAPTURE_AUTORELEASING = YES;
				CLANG_WARN_BOOL_CONVERSION = YES;
				CLANG_WARN_COMMA = YES;
				CLANG_WARN_CONSTANT_CONVERSION = YES;
				CLANG_WARN_DEPRECATED_OBJC_IMPLEMENTATIONS = YES;
				CLANG_WARN_DIRECT_OBJC_ISA_USAGE = YES_ERROR;
				CLANG_WARN_DOCUMENTATION_COMMENTS = YES;
				CLANG_WARN_EMPTY_BODY = YES;
				CLANG_WARN_ENUM_CONVERSION = YES;
				CLANG_WARN_INFINITE_RECURSION = YES;
				CLANG_WARN_INT_CONVERSION = YES;
				CLANG_WARN_NON_LITERAL_NULL_CONVERSION = YES;
				CLANG_WARN_OBJC_IMPLICIT_RETAIN_SELF = YES;
				CLANG_WARN_OBJC_LITERAL_CONVERSION = YES;
				CLANG_WARN_OBJC_ROOT_CLASS = YES_ERROR;
				CLANG_WARN_QUOTED_INCLUDE_IN_FRAMEWORK_HEADER = YES;
				CLANG_WARN_RANGE_LOOP_ANALYSIS = YES;
				CLANG_WARN_STRICT_PROTOTYPES = YES;
				CLANG_WARN_SUSPICIOUS_MOVE = YES;
				CLANG_WARN_UNGUARDED_AVAILABILITY = YES_AGGRESSIVE;
				CLANG_WARN_UNREACHABLE_CODE = YES;
				CLANG_WARN__DUPLICATE_METHOD_MATCH = YES;
				COPY_PHASE_STRIP = NO;
				DEBUG_INFORMATION_FORMAT = dwarf;
				ENABLE_STRICT_OBJC_MSGSEND = YES;
				ENABLE_TESTABILITY = YES;
				GCC_C_LANGUAGE_STANDARD = gnu11;
				GCC_DYNAMIC_NO_PIC = NO;
				GCC_NO_COMMON_BLOCKS = YES;
				GCC_OPTIMIZATION_LEVEL = 0;
				GCC_PREPROCESSOR_DEFINITIONS = (
					"DEBUG=1",
					"$(inherited)",
				);
				GCC_WARN_64_TO_32_BIT_CONVERSION = YES;
				GCC_WARN_ABOUT_RETURN_TYPE = YES_ERROR;
				GCC_WARN_UNDECLARED_SELECTOR = YES;
				GCC_WARN_UNINITIALIZED_AUTOS = YES_AGGRESSIVE;
				GCC_WARN_UNUSED_FUNCTION = YES;
				GCC_WARN_UNUSED_VARIABLE = YES;
				IPHONEOS_DEPLOYMENT_TARGET = 15.5;
				MTL_ENABLE_DEBUG_INFO = INCLUDE_SOURCE;
				MTL_FAST_MATH = YES;
				ONLY_ACTIVE_ARCH = YES;
				SDKROOT = iphoneos;
				SWIFT_ACTIVE_COMPILATION_CONDITIONS = DEBUG;
				SWIFT_OPTIMIZATION_LEVEL = "-Onone";
			};
			name = Debug;
		};
		A082AC092B4B695600565F1E /* Release */ = {
			isa = XCBuildConfiguration;
			buildSettings = {
				ALWAYS_SEARCH_USER_PATHS = NO;
				CLANG_ANALYZER_NONNULL = YES;
				CLANG_ANALYZER_NUMBER_OBJECT_CONVERSION = YES_AGGRESSIVE;
				CLANG_CXX_LANGUAGE_STANDARD = "gnu++17";
				CLANG_ENABLE_MODULES = YES;
				CLANG_ENABLE_OBJC_ARC = YES;
				CLANG_ENABLE_OBJC_WEAK = YES;
				CLANG_WARN_BLOCK_CAPTURE_AUTORELEASING = YES;
				CLANG_WARN_BOOL_CONVERSION = YES;
				CLANG_WARN_COMMA = YES;
				CLANG_WARN_CONSTANT_CONVERSION = YES;
				CLANG_WARN_DEPRECATED_OBJC_IMPLEMENTATIONS = YES;
				CLANG_WARN_DIRECT_OBJC_ISA_USAGE = YES_ERROR;
				CLANG_WARN_DOCUMENTATION_COMMENTS = YES;
				CLANG_WARN_EMPTY_BODY = YES;
				CLANG_WARN_ENUM_CONVERSION = YES;
				CLANG_WARN_INFINITE_RECURSION = YES;
				CLANG_WARN_INT_CONVERSION = YES;
				CLANG_WARN_NON_LITERAL_NULL_CONVERSION = YES;
				CLANG_WARN_OBJC_IMPLICIT_RETAIN_SELF = YES;
				CLANG_WARN_OBJC_LITERAL_CONVERSION = YES;
				CLANG_WARN_OBJC_ROOT_CLASS = YES_ERROR;
				CLANG_WARN_QUOTED_INCLUDE_IN_FRAMEWORK_HEADER = YES;
				CLANG_WARN_RANGE_LOOP_ANALYSIS = YES;
				CLANG_WARN_STRICT_PROTOTYPES = YES;
				CLANG_WARN_SUSPICIOUS_MOVE = YES;
				CLANG_WARN_UNGUARDED_AVAILABILITY = YES_AGGRESSIVE;
				CLANG_WARN_UNREACHABLE_CODE = YES;
				CLANG_WARN__DUPLICATE_METHOD_MATCH = YES;
				COPY_PHASE_STRIP = NO;
				DEBUG_INFORMATION_FORMAT = "dwarf-with-dsym";
				ENABLE_NS_ASSERTIONS = NO;
				ENABLE_STRICT_OBJC_MSGSEND = YES;
				GCC_C_LANGUAGE_STANDARD = gnu11;
				GCC_NO_COMMON_BLOCKS = YES;
				GCC_WARN_64_TO_32_BIT_CONVERSION = YES;
				GCC_WARN_ABOUT_RETURN_TYPE = YES_ERROR;
				GCC_WARN_UNDECLARED_SELECTOR = YES;
				GCC_WARN_UNINITIALIZED_AUTOS = YES_AGGRESSIVE;
				GCC_WARN_UNUSED_FUNCTION = YES;
				GCC_WARN_UNUSED_VARIABLE = YES;
				IPHONEOS_DEPLOYMENT_TARGET = 15.5;
				MTL_ENABLE_DEBUG_INFO = NO;
				MTL_FAST_MATH = YES;
				SDKROOT = iphoneos;
				SWIFT_COMPILATION_MODE = wholemodule;
				SWIFT_OPTIMIZATION_LEVEL = "-O";
				VALIDATE_PRODUCT = YES;
			};
			name = Release;
		};
		A082AC0B2B4B695600565F1E /* Debug */ = {
			isa = XCBuildConfiguration;
			buildSettings = {
				ASSETCATALOG_COMPILER_APPICON_NAME = AppIcon;
				ASSETCATALOG_COMPILER_GLOBAL_ACCENT_COLOR_NAME = AccentColor;
				CODE_SIGN_STYLE = Automatic;
				CURRENT_PROJECT_VERSION = 1;
				DEVELOPMENT_TEAM = G3BRV8XY52;
				GENERATE_INFOPLIST_FILE = YES;
				INFOPLIST_FILE = TrackerApp/Info.plist;
				INFOPLIST_KEY_UIApplicationSupportsIndirectInputEvents = YES;
				INFOPLIST_KEY_UILaunchStoryboardName = LaunchScreen;
				INFOPLIST_KEY_UISupportedInterfaceOrientations = UIInterfaceOrientationPortrait;
				INFOPLIST_KEY_UISupportedInterfaceOrientations_iPad = "UIInterfaceOrientationPortrait UIInterfaceOrientationPortraitUpsideDown UIInterfaceOrientationLandscapeLeft UIInterfaceOrientationLandscapeRight";
				INFOPLIST_KEY_UISupportedInterfaceOrientations_iPhone = UIInterfaceOrientationPortrait;
				IPHONEOS_DEPLOYMENT_TARGET = 13.4;
				LD_RUNPATH_SEARCH_PATHS = (
					"$(inherited)",
					"@executable_path/Frameworks",
				);
				MARKETING_VERSION = 1.0;
				PRODUCT_BUNDLE_IDENTIFIER = ru.emiliamilanovich.TrackerApp;
				PRODUCT_NAME = "$(TARGET_NAME)";
				SWIFT_EMIT_LOC_STRINGS = YES;
				SWIFT_VERSION = 5.0;
				TARGETED_DEVICE_FAMILY = 1;
			};
			name = Debug;
		};
		A082AC0C2B4B695600565F1E /* Release */ = {
			isa = XCBuildConfiguration;
			buildSettings = {
				ASSETCATALOG_COMPILER_APPICON_NAME = AppIcon;
				ASSETCATALOG_COMPILER_GLOBAL_ACCENT_COLOR_NAME = AccentColor;
				CODE_SIGN_STYLE = Automatic;
				CURRENT_PROJECT_VERSION = 1;
				DEVELOPMENT_TEAM = G3BRV8XY52;
				GENERATE_INFOPLIST_FILE = YES;
				INFOPLIST_FILE = TrackerApp/Info.plist;
				INFOPLIST_KEY_UIApplicationSupportsIndirectInputEvents = YES;
				INFOPLIST_KEY_UILaunchStoryboardName = LaunchScreen;
				INFOPLIST_KEY_UISupportedInterfaceOrientations = UIInterfaceOrientationPortrait;
				INFOPLIST_KEY_UISupportedInterfaceOrientations_iPad = "UIInterfaceOrientationPortrait UIInterfaceOrientationPortraitUpsideDown UIInterfaceOrientationLandscapeLeft UIInterfaceOrientationLandscapeRight";
				INFOPLIST_KEY_UISupportedInterfaceOrientations_iPhone = UIInterfaceOrientationPortrait;
				IPHONEOS_DEPLOYMENT_TARGET = 13.4;
				LD_RUNPATH_SEARCH_PATHS = (
					"$(inherited)",
					"@executable_path/Frameworks",
				);
				MARKETING_VERSION = 1.0;
				PRODUCT_BUNDLE_IDENTIFIER = ru.emiliamilanovich.TrackerApp;
				PRODUCT_NAME = "$(TARGET_NAME)";
				SWIFT_EMIT_LOC_STRINGS = YES;
				SWIFT_VERSION = 5.0;
				TARGETED_DEVICE_FAMILY = 1;
			};
			name = Release;
		};
/* End XCBuildConfiguration section */

/* Begin XCConfigurationList section */
		A082ABF12B4B695100565F1E /* Build configuration list for PBXProject "TrackerApp" */ = {
			isa = XCConfigurationList;
			buildConfigurations = (
				A082AC082B4B695600565F1E /* Debug */,
				A082AC092B4B695600565F1E /* Release */,
			);
			defaultConfigurationIsVisible = 0;
			defaultConfigurationName = Release;
		};
		A082AC0A2B4B695600565F1E /* Build configuration list for PBXNativeTarget "TrackerApp" */ = {
			isa = XCConfigurationList;
			buildConfigurations = (
				A082AC0B2B4B695600565F1E /* Debug */,
				A082AC0C2B4B695600565F1E /* Release */,
			);
			defaultConfigurationIsVisible = 0;
			defaultConfigurationName = Release;
		};
/* End XCConfigurationList section */
	};
	rootObject = A082ABEE2B4B695100565F1E /* Project object */;
}
